// !$*UTF8*$!
{
	archiveVersion = 1;
	classes = {
	};
	objectVersion = 50;
	objects = {

/* Begin PBXBuildFile section */
		44541F712265BDB90000C083 /* AppDelegate.m in Sources */ = {isa = PBXBuildFile; fileRef = 44541F702265BDB90000C083 /* AppDelegate.m */; };
		44541F742265BDB90000C083 /* ViewController.m in Sources */ = {isa = PBXBuildFile; fileRef = 44541F732265BDB90000C083 /* ViewController.m */; };
		44541F772265BDB90000C083 /* Main.storyboard in Resources */ = {isa = PBXBuildFile; fileRef = 44541F752265BDB90000C083 /* Main.storyboard */; };
		44541F792265BDBC0000C083 /* Assets.xcassets in Resources */ = {isa = PBXBuildFile; fileRef = 44541F782265BDBC0000C083 /* Assets.xcassets */; };
		44541F7C2265BDBC0000C083 /* LaunchScreen.storyboard in Resources */ = {isa = PBXBuildFile; fileRef = 44541F7A2265BDBC0000C083 /* LaunchScreen.storyboard */; };
		44541F7F2265BDBC0000C083 /* main.m in Sources */ = {isa = PBXBuildFile; fileRef = 44541F7E2265BDBC0000C083 /* main.m */; };
		44541F862265C1AE0000C083 /* 26893-3-welcome-free-download-thumb.png in Resources */ = {isa = PBXBuildFile; fileRef = 44541F852265C1AE0000C083 /* 26893-3-welcome-free-download-thumb.png */; };
/* End PBXBuildFile section */

/* Begin PBXFileReference section */
		44541F6C2265BDB90000C083 /* toolBar&alert&image.app */ = {isa = PBXFileReference; explicitFileType = wrapper.application; includeInIndex = 0; path = "toolBar&alert&image.app"; sourceTree = BUILT_PRODUCTS_DIR; };
		44541F6F2265BDB90000C083 /* AppDelegate.h */ = {isa = PBXFileReference; lastKnownFileType = sourcecode.c.h; path = AppDelegate.h; sourceTree = "<group>"; };
		44541F702265BDB90000C083 /* AppDelegate.m */ = {isa = PBXFileReference; lastKnownFileType = sourcecode.c.objc; path = AppDelegate.m; sourceTree = "<group>"; };
		44541F722265BDB90000C083 /* ViewController.h */ = {isa = PBXFileReference; lastKnownFileType = sourcecode.c.h; path = ViewController.h; sourceTree = "<group>"; };
		44541F732265BDB90000C083 /* ViewController.m */ = {isa = PBXFileReference; lastKnownFileType = sourcecode.c.objc; path = ViewController.m; sourceTree = "<group>"; };
		44541F762265BDB90000C083 /* Base */ = {isa = PBXFileReference; lastKnownFileType = file.storyboard; name = Base; path = Base.lproj/Main.storyboard; sourceTree = "<group>"; };
		44541F782265BDBC0000C083 /* Assets.xcassets */ = {isa = PBXFileReference; lastKnownFileType = folder.assetcatalog; path = Assets.xcassets; sourceTree = "<group>"; };
		44541F7B2265BDBC0000C083 /* Base */ = {isa = PBXFileReference; lastKnownFileType = file.storyboard; name = Base; path = Base.lproj/LaunchScreen.storyboard; sourceTree = "<group>"; };
		44541F7D2265BDBC0000C083 /* Info.plist */ = {isa = PBXFileReference; lastKnownFileType = text.plist.xml; path = Info.plist; sourceTree = "<group>"; };
		44541F7E2265BDBC0000C083 /* main.m */ = {isa = PBXFileReference; lastKnownFileType = sourcecode.c.objc; path = main.m; sourceTree = "<group>"; };
		44541F852265C1AE0000C083 /* 26893-3-welcome-free-download-thumb.png */ = {isa = PBXFileReference; lastKnownFileType = image.png; path = "26893-3-welcome-free-download-thumb.png"; sourceTree = "<group>"; };
/* End PBXFileReference section */

/* Begin PBXFrameworksBuildPhase section */
		44541F692265BDB90000C083 /* Frameworks */ = {
			isa = PBXFrameworksBuildPhase;
			buildActionMask = 2147483647;
			files = (
			);
			runOnlyForDeploymentPostprocessing = 0;
		};
/* End PBXFrameworksBuildPhase section */

/* Begin PBXGroup section */
		44541F632265BDB90000C083 = {
			isa = PBXGroup;
			children = (
				44541F6E2265BDB90000C083 /* toolBar&alert&image */,
				44541F6D2265BDB90000C083 /* Products */,
			);
			sourceTree = "<group>";
		};
		44541F6D2265BDB90000C083 /* Products */ = {
			isa = PBXGroup;
			children = (
				44541F6C2265BDB90000C083 /* toolBar&alert&image.app */,
			);
			name = Products;
			sourceTree = "<group>";
		};
		44541F6E2265BDB90000C083 /* toolBar&alert&image */ = {
			isa = PBXGroup;
			children = (
				44541F852265C1AE0000C083 /* 26893-3-welcome-free-download-thumb.png */,
				44541F6F2265BDB90000C083 /* AppDelegate.h */,
				44541F702265BDB90000C083 /* AppDelegate.m */,
				44541F722265BDB90000C083 /* ViewController.h */,
				44541F732265BDB90000C083 /* ViewController.m */,
				44541F752265BDB90000C083 /* Main.storyboard */,
				44541F782265BDBC0000C083 /* Assets.xcassets */,
				44541F7A2265BDBC0000C083 /* LaunchScreen.storyboard */,
				44541F7D2265BDBC0000C083 /* Info.plist */,
				44541F7E2265BDBC0000C083 /* main.m */,
			);
			path = "toolBar&alert&image";
			sourceTree = "<group>";
		};
/* End PBXGroup section */

/* Begin PBXNativeTarget section */
		44541F6B2265BDB90000C083 /* toolBar&alert&image */ = {
			isa = PBXNativeTarget;
			buildConfigurationList = 44541F822265BDBC0000C083 /* Build configuration list for PBXNativeTarget "toolBar&alert&image" */;
			buildPhases = (
				44541F682265BDB90000C083 /* Sources */,
				44541F692265BDB90000C083 /* Frameworks */,
				44541F6A2265BDB90000C083 /* Resources */,
			);
			buildRules = (
			);
			dependencies = (
			);
			name = "toolBar&alert&image";
			productName = "toolBar&alert&image";
			productReference = 44541F6C2265BDB90000C083 /* toolBar&alert&image.app */;
			productType = "com.apple.product-type.application";
		};
/* End PBXNativeTarget section */

/* Begin PBXProject section */
		44541F642265BDB90000C083 /* Project object */ = {
			isa = PBXProject;
			attributes = {
				LastUpgradeCheck = 1010;
				ORGANIZATIONNAME = Jets;
				TargetAttributes = {
					44541F6B2265BDB90000C083 = {
						CreatedOnToolsVersion = 10.1;
					};
				};
			};
			buildConfigurationList = 44541F672265BDB90000C083 /* Build configuration list for PBXProject "toolBar&alert&image" */;
			compatibilityVersion = "Xcode 9.3";
			developmentRegion = en;
			hasScannedForEncodings = 0;
			knownRegions = (
				en,
				Base,
			);
			mainGroup = 44541F632265BDB90000C083;
			productRefGroup = 44541F6D2265BDB90000C083 /* Products */;
			projectDirPath = "";
			projectRoot = "";
			targets = (
				44541F6B2265BDB90000C083 /* toolBar&alert&image */,
			);
		};
/* End PBXProject section */

/* Begin PBXResourcesBuildPhase section */
		44541F6A2265BDB90000C083 /* Resources */ = {
			isa = PBXResourcesBuildPhase;
			buildActionMask = 2147483647;
			files = (
				44541F862265C1AE0000C083 /* 26893-3-welcome-free-download-thumb.png in Resources */,
				44541F7C2265BDBC0000C083 /* LaunchScreen.storyboard in Resources */,
				44541F792265BDBC0000C083 /* Assets.xcassets in Resources */,
				44541F772265BDB90000C083 /* Main.storyboard in Resources */,
			);
			runOnlyForDeploymentPostprocessing = 0;
		};
/* End PBXResourcesBuildPhase section */

/* Begin PBXSourcesBuildPhase section */
		44541F682265BDB90000C083 /* Sources */ = {
			isa = PBXSourcesBuildPhase;
			buildActionMask = 2147483647;
			files = (
				44541F742265BDB90000C083 /* ViewController.m in Sources */,
				44541F7F2265BDBC0000C083 /* main.m in Sources */,
				44541F712265BDB90000C083 /* AppDelegate.m in Sources */,
			);
			runOnlyForDeploymentPostprocessing = 0;
		};
/* End PBXSourcesBuildPhase section */

/* Begin PBXVariantGroup section */
		44541F752265BDB90000C083 /* Main.storyboard */ = {
			isa = PBXVariantGroup;
			children = (
				44541F762265BDB90000C083 /* Base */,
			);
			name = Main.storyboard;
			sourceTree = "<group>";
		};
		44541F7A2265BDBC0000C083 /* LaunchScreen.storyboard */ = {
			isa = PBXVariantGroup;
			children = (
				44541F7B2265BDBC0000C083 /* Base */,
			);
			name = LaunchScreen.storyboard;
			sourceTree = "<group>";
		};
/* End PBXVariantGroup section */

/* Begin XCBuildConfiguration section */
		44541F802265BDBC0000C083 /* Debug */ = {
			isa = XCBuildConfiguration;
			buildSettings = {
				ALWAYS_SEARCH_USER_PATHS = NO;
				CLANG_ANALYZER_NONNULL = YES;
				CLANG_ANALYZER_NUMBER_OBJECT_CONVERSION = YES_AGGRESSIVE;
				CLANG_CXX_LANGUAGE_STANDARD = "gnu++14";
				CLANG_CXX_LIBRARY = "libc++";
				CLANG_ENABLE_MODULES = YES;
				CLANG_ENABLE_OBJC_ARC = YES;
				CLANG_ENABLE_OBJC_WEAK = YES;
				CLANG_WARN_BLOCK_CAPTURE_AUTORELEASING = YES;
				CLANG_WARN_BOOL_CONVERSION = YES;
				CLANG_WARN_COMMA = YES;
				CLANG_WARN_CONSTANT_CONVERSION = YES;
				CLANG_WARN_DEPRECATED_OBJC_IMPLEMENTATIONS = YES;
				CLANG_WARN_DIRECT_OBJC_ISA_USAGE = YES_ERROR;
				CLANG_WARN_DOCUMENTATION_COMMENTS = YES;
				CLANG_WARN_EMPTY_BODY = YES;
				CLANG_WARN_ENUM_CONVERSION = YES;
				CLANG_WARN_INFINITE_RECURSION = YES;
				CLANG_WARN_INT_CONVERSION = YES;
				CLANG_WARN_NON_LITERAL_NULL_CONVERSION = YES;
				CLANG_WARN_OBJC_IMPLICIT_RETAIN_SELF = YES;
				CLANG_WARN_OBJC_LITERAL_CONVERSION = YES;
				CLANG_WARN_OBJC_ROOT_CLASS = YES_ERROR;
				CLANG_WARN_RANGE_LOOP_ANALYSIS = YES;
				CLANG_WARN_STRICT_PROTOTYPES = YES;
				CLANG_WARN_SUSPICIOUS_MOVE = YES;
				CLANG_WARN_UNGUARDED_AVAILABILITY = YES_AGGRESSIVE;
				CLANG_WARN_UNREACHABLE_CODE = YES;
				CLANG_WARN__DUPLICATE_METHOD_MATCH = YES;
				CODE_SIGN_IDENTITY = "iPhone Developer";
				COPY_PHASE_STRIP = NO;
				DEBUG_INFORMATION_FORMAT = dwarf;
				ENABLE_STRICT_OBJC_MSGSEND = YES;
				ENABLE_TESTABILITY = YES;
				GCC_C_LANGUAGE_STANDARD = gnu11;
				GCC_DYNAMIC_NO_PIC = NO;
				GCC_NO_COMMON_BLOCKS = YES;
				GCC_OPTIMIZATION_LEVEL = 0;
				GCC_PREPROCESSOR_DEFINITIONS = (
					"DEBUG=1",
					"$(inherited)",
				);
				GCC_WARN_64_TO_32_BIT_CONVERSION = YES;
				GCC_WARN_ABOUT_RETURN_TYPE = YES_ERROR;
				GCC_WARN_UNDECLARED_SELECTOR = YES;
				GCC_WARN_UNINITIALIZED_AUTOS = YES_AGGRESSIVE;
				GCC_WARN_UNUSED_FUNCTION = YES;
				GCC_WARN_UNUSED_VARIABLE = YES;
				IPHONEOS_DEPLOYMENT_TARGET = 12.1;
				MTL_ENABLE_DEBUG_INFO = INCLUDE_SOURCE;
				MTL_FAST_MATH = YES;
				ONLY_ACTIVE_ARCH = YES;
				SDKROOT = iphoneos;
			};
			name = Debug;
		};
		44541F812265BDBC0000C083 /* Release */ = {
			isa = XCBuildConfiguration;
			buildSettings = {
				ALWAYS_SEARCH_USER_PATHS = NO;
				CLANG_ANALYZER_NONNULL = YES;
				CLANG_ANALYZER_NUMBER_OBJECT_CONVERSION = YES_AGGRESSIVE;
				CLANG_CXX_LANGUAGE_STANDARD = "gnu++14";
				CLANG_CXX_LIBRARY = "libc++";
				CLANG_ENABLE_MODULES = YES;
				CLANG_ENABLE_OBJC_ARC = YES;
				CLANG_ENABLE_OBJC_WEAK = YES;
				CLANG_WARN_BLOCK_CAPTURE_AUTORELEASING = YES;
				CLANG_WARN_BOOL_CONVERSION = YES;
				CLANG_WARN_COMMA = YES;
				CLANG_WARN_CONSTANT_CONVERSION = YES;
				CLANG_WARN_DEPRECATED_OBJC_IMPLEMENTATIONS = YES;
				CLANG_WARN_DIRECT_OBJC_ISA_USAGE = YES_ERROR;
				CLANG_WARN_DOCUMENTATION_COMMENTS = YES;
				CLANG_WARN_EMPTY_BODY = YES;
				CLANG_WARN_ENUM_CONVERSION = YES;
				CLANG_WARN_INFINITE_RECURSION = YES;
				CLANG_WARN_INT_CONVERSION = YES;
				CLANG_WARN_NON_LITERAL_NULL_CONVERSION = YES;
				CLANG_WARN_OBJC_IMPLICIT_RETAIN_SELF = YES;
				CLANG_WARN_OBJC_LITERAL_CONVERSION = YES;
				CLANG_WARN_OBJC_ROOT_CLASS = YES_ERROR;
				CLANG_WARN_RANGE_LOOP_ANALYSIS = YES;
				CLANG_WARN_STRICT_PROTOTYPES = YES;
				CLANG_WARN_SUSPICIOUS_MOVE = YES;
				CLANG_WARN_UNGUARDED_AVAILABILITY = YES_AGGRESSIVE;
				CLANG_WARN_UNREACHABLE_CODE = YES;
				CLANG_WARN__DUPLICATE_METHOD_MATCH = YES;
				CODE_SIGN_IDENTITY = "iPhone Developer";
				COPY_PHASE_STRIP = NO;
				DEBUG_INFORMATION_FORMAT = "dwarf-with-dsym";
				ENABLE_NS_ASSERTIONS = NO;
				ENABLE_STRICT_OBJC_MSGSEND = YES;
				GCC_C_LANGUAGE_STANDARD = gnu11;
				GCC_NO_COMMON_BLOCKS = YES;
				GCC_WARN_64_TO_32_BIT_CONVERSION = YES;
				GCC_WARN_ABOUT_RETURN_TYPE = YES_ERROR;
				GCC_WARN_UNDECLARED_SELECTOR = YES;
				GCC_WARN_UNINITIALIZED_AUTOS = YES_AGGRESSIVE;
				GCC_WARN_UNUSED_FUNCTION = YES;
				GCC_WARN_UNUSED_VARIABLE = YES;
				IPHONEOS_DEPLOYMENT_TARGET = 12.1;
				MTL_ENABLE_DEBUG_INFO = NO;
				MTL_FAST_MATH = YES;
				SDKROOT = iphoneos;
				VALIDATE_PRODUCT = YES;
			};
			name = Release;
		};
		44541F832265BDBC0000C083 /* Debug */ = {
			isa = XCBuildConfiguration;
			buildSettings = {
				ASSETCATALOG_COMPILER_APPICON_NAME = AppIcon;
				CODE_SIGN_STYLE = Automatic;
				INFOPLIST_FILE = "toolBar&alert&image/Info.plist";
				LD_RUNPATH_SEARCH_PATHS = (
					"$(inherited)",
					"@executable_path/Frameworks",
				);
				PRODUCT_BUNDLE_IDENTIFIER = "Mobileintake36.toolBar-alert-image";
				PRODUCT_NAME = "$(TARGET_NAME)";
				TARGETED_DEVICE_FAMILY = "1,2";
			};
			name = Debug;
		};
		44541F842265BDBC0000C083 /* Release */ = {
			isa = XCBuildConfiguration;
			buildSettings = {
				ASSETCATALOG_COMPILER_APPICON_NAME = AppIcon;
				CODE_SIGN_STYLE = Automatic;
				INFOPLIST_FILE = "toolBar&alert&image/Info.plist";
				LD_RUNPATH_SEARCH_PATHS = (
					"$(inherited)",
					"@executable_path/Frameworks",
				);
				PRODUCT_BUNDLE_IDENTIFIER = "Mobileintake36.toolBar-alert-image";
				PRODUCT_NAME = "$(TARGET_NAME)";
				TARGETED_DEVICE_FAMILY = "1,2";
			};
			name = Release;
		};
/* End XCBuildConfiguration section */

/* Begin XCConfigurationList section */
		44541F672265BDB90000C083 /* Build configuration list for PBXProject "toolBar&alert&image" */ = {
			isa = XCConfigurationList;
			buildConfigurations = (
				44541F802265BDBC0000C083 /* Debug */,
				44541F812265BDBC0000C083 /* Release */,
			);
			defaultConfigurationIsVisible = 0;
			defaultConfigurationName = Release;
		};
		44541F822265BDBC0000C083 /* Build configuration list for PBXNativeTarget "toolBar&alert&image" */ = {
			isa = XCConfigurationList;
			buildConfigurations = (
				44541F832265BDBC0000C083 /* Debug */,
				44541F842265BDBC0000C083 /* Release */,
			);
			defaultConfigurationIsVisible = 0;
			defaultConfigurationName = Release;
		};
/* End XCConfigurationList section */
	};
	rootObject = 44541F642265BDB90000C083 /* Project object */;
}
