// !$*UTF8*$!
{
	archiveVersion = 1;
	classes = {
	};
	objectVersion = 50;
	objects = {

/* Begin PBXBuildFile section */
		44312A712284197800E4B1C7 /* AppDelegate.swift in Sources */ = {isa = PBXBuildFile; fileRef = 44312A702284197800E4B1C7 /* AppDelegate.swift */; };
		44312A732284197800E4B1C7 /* ViewController.swift in Sources */ = {isa = PBXBuildFile; fileRef = 44312A722284197800E4B1C7 /* ViewController.swift */; };
		44312A762284197900E4B1C7 /* Main.storyboard in Resources */ = {isa = PBXBuildFile; fileRef = 44312A742284197900E4B1C7 /* Main.storyboard */; };
		44312A782284197B00E4B1C7 /* Assets.xcassets in Resources */ = {isa = PBXBuildFile; fileRef = 44312A772284197B00E4B1C7 /* Assets.xcassets */; };
		44312A7B2284197B00E4B1C7 /* LaunchScreen.storyboard in Resources */ = {isa = PBXBuildFile; fileRef = 44312A792284197B00E4B1C7 /* LaunchScreen.storyboard */; };
		44312A83228428F000E4B1C7 /* chocolate-and-cream-layer-cake-1812-cover.jpg in Resources */ = {isa = PBXBuildFile; fileRef = 44312A82228428F000E4B1C7 /* chocolate-and-cream-layer-cake-1812-cover.jpg */; };
/* End PBXBuildFile section */

/* Begin PBXFileReference section */
		44312A6D2284197800E4B1C7 /* autoConstraint.app */ = {isa = PBXFileReference; explicitFileType = wrapper.application; includeInIndex = 0; path = autoConstraint.app; sourceTree = BUILT_PRODUCTS_DIR; };
		44312A702284197800E4B1C7 /* AppDelegate.swift */ = {isa = PBXFileReference; lastKnownFileType = sourcecode.swift; path = AppDelegate.swift; sourceTree = "<group>"; };
		44312A722284197800E4B1C7 /* ViewController.swift */ = {isa = PBXFileReference; lastKnownFileType = sourcecode.swift; path = ViewController.swift; sourceTree = "<group>"; };
		44312A752284197900E4B1C7 /* Base */ = {isa = PBXFileReference; lastKnownFileType = file.storyboard; name = Base; path = Base.lproj/Main.storyboard; sourceTree = "<group>"; };
		44312A772284197B00E4B1C7 /* Assets.xcassets */ = {isa = PBXFileReference; lastKnownFileType = folder.assetcatalog; path = Assets.xcassets; sourceTree = "<group>"; };
		44312A7A2284197B00E4B1C7 /* Base */ = {isa = PBXFileReference; lastKnownFileType = file.storyboard; name = Base; path = Base.lproj/LaunchScreen.storyboard; sourceTree = "<group>"; };
		44312A7C2284197B00E4B1C7 /* Info.plist */ = {isa = PBXFileReference; lastKnownFileType = text.plist.xml; path = Info.plist; sourceTree = "<group>"; };
		44312A82228428F000E4B1C7 /* chocolate-and-cream-layer-cake-1812-cover.jpg */ = {isa = PBXFileReference; lastKnownFileType = image.jpeg; path = "chocolate-and-cream-layer-cake-1812-cover.jpg"; sourceTree = "<group>"; };
/* End PBXFileReference section */

/* Begin PBXFrameworksBuildPhase section */
		44312A6A2284197800E4B1C7 /* Frameworks */ = {
			isa = PBXFrameworksBuildPhase;
			buildActionMask = 2147483647;
			files = (
			);
			runOnlyForDeploymentPostprocessing = 0;
		};
/* End PBXFrameworksBuildPhase section */

/* Begin PBXGroup section */
		44312A642284197800E4B1C7 = {
			isa = PBXGroup;
			children = (
				44312A6F2284197800E4B1C7 /* autoConstraint */,
				44312A6E2284197800E4B1C7 /* Products */,
			);
			sourceTree = "<group>";
		};
		44312A6E2284197800E4B1C7 /* Products */ = {
			isa = PBXGroup;
			children = (
				44312A6D2284197800E4B1C7 /* autoConstraint.app */,
			);
			name = Products;
			sourceTree = "<group>";
		};
		44312A6F2284197800E4B1C7 /* autoConstraint */ = {
			isa = PBXGroup;
			children = (
				44312A82228428F000E4B1C7 /* chocolate-and-cream-layer-cake-1812-cover.jpg */,
				44312A702284197800E4B1C7 /* AppDelegate.swift */,
				44312A722284197800E4B1C7 /* ViewController.swift */,
				44312A742284197900E4B1C7 /* Main.storyboard */,
				44312A772284197B00E4B1C7 /* Assets.xcassets */,
				44312A792284197B00E4B1C7 /* LaunchScreen.storyboard */,
				44312A7C2284197B00E4B1C7 /* Info.plist */,
			);
			path = autoConstraint;
			sourceTree = "<group>";
		};
/* End PBXGroup section */

/* Begin PBXNativeTarget section */
		44312A6C2284197800E4B1C7 /* autoConstraint */ = {
			isa = PBXNativeTarget;
			buildConfigurationList = 44312A7F2284197B00E4B1C7 /* Build configuration list for PBXNativeTarget "autoConstraint" */;
			buildPhases = (
				44312A692284197800E4B1C7 /* Sources */,
				44312A6A2284197800E4B1C7 /* Frameworks */,
				44312A6B2284197800E4B1C7 /* Resources */,
			);
			buildRules = (
			);
			dependencies = (
			);
			name = autoConstraint;
			productName = autoConstraint;
			productReference = 44312A6D2284197800E4B1C7 /* autoConstraint.app */;
			productType = "com.apple.product-type.application";
		};
/* End PBXNativeTarget section */

/* Begin PBXProject section */
		44312A652284197800E4B1C7 /* Project object */ = {
			isa = PBXProject;
			attributes = {
				LastSwiftUpdateCheck = 1010;
				LastUpgradeCheck = 1010;
				ORGANIZATIONNAME = Jets;
				TargetAttributes = {
					44312A6C2284197800E4B1C7 = {
						CreatedOnToolsVersion = 10.1;
					};
				};
			};
			buildConfigurationList = 44312A682284197800E4B1C7 /* Build configuration list for PBXProject "autoConstraint" */;
			compatibilityVersion = "Xcode 9.3";
			developmentRegion = en;
			hasScannedForEncodings = 0;
			knownRegions = (
				en,
				Base,
			);
			mainGroup = 44312A642284197800E4B1C7;
			productRefGroup = 44312A6E2284197800E4B1C7 /* Products */;
			projectDirPath = "";
			projectRoot = "";
			targets = (
				44312A6C2284197800E4B1C7 /* autoConstraint */,
			);
		};
/* End PBXProject section */

/* Begin PBXResourcesBuildPhase section */
		44312A6B2284197800E4B1C7 /* Resources */ = {
			isa = PBXResourcesBuildPhase;
			buildActionMask = 2147483647;
			files = (
				44312A7B2284197B00E4B1C7 /* LaunchScreen.storyboard in Resources */,
				44312A782284197B00E4B1C7 /* Assets.xcassets in Resources */,
				44312A762284197900E4B1C7 /* Main.storyboard in Resources */,
				44312A83228428F000E4B1C7 /* chocolate-and-cream-layer-cake-1812-cover.jpg in Resources */,
			);
			runOnlyForDeploymentPostprocessing = 0;
		};
/* End PBXResourcesBuildPhase section */

/* Begin PBXSourcesBuildPhase section */
		44312A692284197800E4B1C7 /* Sources */ = {
			isa = PBXSourcesBuildPhase;
			buildActionMask = 2147483647;
			files = (
				44312A732284197800E4B1C7 /* ViewController.swift in Sources */,
				44312A712284197800E4B1C7 /* AppDelegate.swift in Sources */,
			);
			runOnlyForDeploymentPostprocessing = 0;
		};
/* End PBXSourcesBuildPhase section */

/* Begin PBXVariantGroup section */
		44312A742284197900E4B1C7 /* Main.storyboard */ = {
			isa = PBXVariantGroup;
			children = (
				44312A752284197900E4B1C7 /* Base */,
			);
			name = Main.storyboard;
			sourceTree = "<group>";
		};
		44312A792284197B00E4B1C7 /* LaunchScreen.storyboard */ = {
			isa = PBXVariantGroup;
			children = (
				44312A7A2284197B00E4B1C7 /* Base */,
			);
			name = LaunchScreen.storyboard;
			sourceTree = "<group>";
		};
/* End PBXVariantGroup section */

/* Begin XCBuildConfiguration section */
		44312A7D2284197B00E4B1C7 /* Debug */ = {
			isa = XCBuildConfiguration;
			buildSettings = {
				ALWAYS_SEARCH_USER_PATHS = NO;
				CLANG_ANALYZER_NONNULL = YES;
				CLANG_ANALYZER_NUMBER_OBJECT_CONVERSION = YES_AGGRESSIVE;
				CLANG_CXX_LANGUAGE_STANDARD = "gnu++14";
				CLANG_CXX_LIBRARY = "libc++";
				CLANG_ENABLE_MODULES = YES;
				CLANG_ENABLE_OBJC_ARC = YES;
				CLANG_ENABLE_OBJC_WEAK = YES;
				CLANG_WARN_BLOCK_CAPTURE_AUTORELEASING = YES;
				CLANG_WARN_BOOL_CONVERSION = YES;
				CLANG_WARN_COMMA = YES;
				CLANG_WARN_CONSTANT_CONVERSION = YES;
				CLANG_WARN_DEPRECATED_OBJC_IMPLEMENTATIONS = YES;
				CLANG_WARN_DIRECT_OBJC_ISA_USAGE = YES_ERROR;
				CLANG_WARN_DOCUMENTATION_COMMENTS = YES;
				CLANG_WARN_EMPTY_BODY = YES;
				CLANG_WARN_ENUM_CONVERSION = YES;
				CLANG_WARN_INFINITE_RECURSION = YES;
				CLANG_WARN_INT_CONVERSION = YES;
				CLANG_WARN_NON_LITERAL_NULL_CONVERSION = YES;
				CLANG_WARN_OBJC_IMPLICIT_RETAIN_SELF = YES;
				CLANG_WARN_OBJC_LITERAL_CONVERSION = YES;
				CLANG_WARN_OBJC_ROOT_CLASS = YES_ERROR;
				CLANG_WARN_RANGE_LOOP_ANALYSIS = YES;
				CLANG_WARN_STRICT_PROTOTYPES = YES;
				CLANG_WARN_SUSPICIOUS_MOVE = YES;
				CLANG_WARN_UNGUARDED_AVAILABILITY = YES_AGGRESSIVE;
				CLANG_WARN_UNREACHABLE_CODE = YES;
				CLANG_WARN__DUPLICATE_METHOD_MATCH = YES;
				CODE_SIGN_IDENTITY = "iPhone Developer";
				COPY_PHASE_STRIP = NO;
				DEBUG_INFORMATION_FORMAT = dwarf;
				ENABLE_STRICT_OBJC_MSGSEND = YES;
				ENABLE_TESTABILITY = YES;
				GCC_C_LANGUAGE_STANDARD = gnu11;
				GCC_DYNAMIC_NO_PIC = NO;
				GCC_NO_COMMON_BLOCKS = YES;
				GCC_OPTIMIZATION_LEVEL = 0;
				GCC_PREPROCESSOR_DEFINITIONS = (
					"DEBUG=1",
					"$(inherited)",
				);
				GCC_WARN_64_TO_32_BIT_CONVERSION = YES;
				GCC_WARN_ABOUT_RETURN_TYPE = YES_ERROR;
				GCC_WARN_UNDECLARED_SELECTOR = YES;
				GCC_WARN_UNINITIALIZED_AUTOS = YES_AGGRESSIVE;
				GCC_WARN_UNUSED_FUNCTION = YES;
				GCC_WARN_UNUSED_VARIABLE = YES;
				IPHONEOS_DEPLOYMENT_TARGET = 12.1;
				MTL_ENABLE_DEBUG_INFO = INCLUDE_SOURCE;
				MTL_FAST_MATH = YES;
				ONLY_ACTIVE_ARCH = YES;
				SDKROOT = iphoneos;
				SWIFT_ACTIVE_COMPILATION_CONDITIONS = DEBUG;
				SWIFT_OPTIMIZATION_LEVEL = "-Onone";
			};
			name = Debug;
		};
		44312A7E2284197B00E4B1C7 /* Release */ = {
			isa = XCBuildConfiguration;
			buildSettings = {
				ALWAYS_SEARCH_USER_PATHS = NO;
				CLANG_ANALYZER_NONNULL = YES;
				CLANG_ANALYZER_NUMBER_OBJECT_CONVERSION = YES_AGGRESSIVE;
				CLANG_CXX_LANGUAGE_STANDARD = "gnu++14";
				CLANG_CXX_LIBRARY = "libc++";
				CLANG_ENABLE_MODULES = YES;
				CLANG_ENABLE_OBJC_ARC = YES;
				CLANG_ENABLE_OBJC_WEAK = YES;
				CLANG_WARN_BLOCK_CAPTURE_AUTORELEASING = YES;
				CLANG_WARN_BOOL_CONVERSION = YES;
				CLANG_WARN_COMMA = YES;
				CLANG_WARN_CONSTANT_CONVERSION = YES;
				CLANG_WARN_DEPRECATED_OBJC_IMPLEMENTATIONS = YES;
				CLANG_WARN_DIRECT_OBJC_ISA_USAGE = YES_ERROR;
				CLANG_WARN_DOCUMENTATION_COMMENTS = YES;
				CLANG_WARN_EMPTY_BODY = YES;
				CLANG_WARN_ENUM_CONVERSION = YES;
				CLANG_WARN_INFINITE_RECURSION = YES;
				CLANG_WARN_INT_CONVERSION = YES;
				CLANG_WARN_NON_LITERAL_NULL_CONVERSION = YES;
				CLANG_WARN_OBJC_IMPLICIT_RETAIN_SELF = YES;
				CLANG_WARN_OBJC_LITERAL_CONVERSION = YES;
				CLANG_WARN_OBJC_ROOT_CLASS = YES_ERROR;
				CLANG_WARN_RANGE_LOOP_ANALYSIS = YES;
				CLANG_WARN_STRICT_PROTOTYPES = YES;
				CLANG_WARN_SUSPICIOUS_MOVE = YES;
				CLANG_WARN_UNGUARDED_AVAILABILITY = YES_AGGRESSIVE;
				CLANG_WARN_UNREACHABLE_CODE = YES;
				CLANG_WARN__DUPLICATE_METHOD_MATCH = YES;
				CODE_SIGN_IDENTITY = "iPhone Developer";
				COPY_PHASE_STRIP = NO;
				DEBUG_INFORMATION_FORMAT = "dwarf-with-dsym";
				ENABLE_NS_ASSERTIONS = NO;
				ENABLE_STRICT_OBJC_MSGSEND = YES;
				GCC_C_LANGUAGE_STANDARD = gnu11;
				GCC_NO_COMMON_BLOCKS = YES;
				GCC_WARN_64_TO_32_BIT_CONVERSION = YES;
				GCC_WARN_ABOUT_RETURN_TYPE = YES_ERROR;
				GCC_WARN_UNDECLARED_SELECTOR = YES;
				GCC_WARN_UNINITIALIZED_AUTOS = YES_AGGRESSIVE;
				GCC_WARN_UNUSED_FUNCTION = YES;
				GCC_WARN_UNUSED_VARIABLE = YES;
				IPHONEOS_DEPLOYMENT_TARGET = 12.1;
				MTL_ENABLE_DEBUG_INFO = NO;
				MTL_FAST_MATH = YES;
				SDKROOT = iphoneos;
				SWIFT_COMPILATION_MODE = wholemodule;
				SWIFT_OPTIMIZATION_LEVEL = "-O";
				VALIDATE_PRODUCT = YES;
			};
			name = Release;
		};
		44312A802284197B00E4B1C7 /* Debug */ = {
			isa = XCBuildConfiguration;
			buildSettings = {
				ASSETCATALOG_COMPILER_APPICON_NAME = AppIcon;
				CODE_SIGN_STYLE = Automatic;
				INFOPLIST_FILE = autoConstraint/Info.plist;
				LD_RUNPATH_SEARCH_PATHS = (
					"$(inherited)",
					"@executable_path/Frameworks",
				);
				PRODUCT_BUNDLE_IDENTIFIER = Mobileintake36.autoConstraint;
				PRODUCT_NAME = "$(TARGET_NAME)";
				SWIFT_VERSION = 4.2;
				TARGETED_DEVICE_FAMILY = "1,2";
			};
			name = Debug;
		};
		44312A812284197B00E4B1C7 /* Release */ = {
			isa = XCBuildConfiguration;
			buildSettings = {
				ASSETCATALOG_COMPILER_APPICON_NAME = AppIcon;
				CODE_SIGN_STYLE = Automatic;
				INFOPLIST_FILE = autoConstraint/Info.plist;
				LD_RUNPATH_SEARCH_PATHS = (
					"$(inherited)",
					"@executable_path/Frameworks",
				);
				PRODUCT_BUNDLE_IDENTIFIER = Mobileintake36.autoConstraint;
				PRODUCT_NAME = "$(TARGET_NAME)";
				SWIFT_VERSION = 4.2;
				TARGETED_DEVICE_FAMILY = "1,2";
			};
			name = Release;
		};
/* End XCBuildConfiguration section */

/* Begin XCConfigurationList section */
		44312A682284197800E4B1C7 /* Build configuration list for PBXProject "autoConstraint" */ = {
			isa = XCConfigurationList;
			buildConfigurations = (
				44312A7D2284197B00E4B1C7 /* Debug */,
				44312A7E2284197B00E4B1C7 /* Release */,
			);
			defaultConfigurationIsVisible = 0;
			defaultConfigurationName = Release;
		};
		44312A7F2284197B00E4B1C7 /* Build configuration list for PBXNativeTarget "autoConstraint" */ = {
			isa = XCConfigurationList;
			buildConfigurations = (
				44312A802284197B00E4B1C7 /* Debug */,
				44312A812284197B00E4B1C7 /* Release */,
			);
			defaultConfigurationIsVisible = 0;
			defaultConfigurationName = Release;
		};
/* End XCConfigurationList section */
	};
	rootObject = 44312A652284197800E4B1C7 /* Project object */;
}
