// !$*UTF8*$!
{
	archiveVersion = 1;
	classes = {
	};
	objectVersion = 50;
	objects = {

/* Begin PBXBuildFile section */
		44E23B65226F05B700E722C9 /* AppDelegate.m in Sources */ = {isa = PBXBuildFile; fileRef = 44E23B64226F05B700E722C9 /* AppDelegate.m */; };
		44E23B68226F05B700E722C9 /* ViewController.m in Sources */ = {isa = PBXBuildFile; fileRef = 44E23B67226F05B700E722C9 /* ViewController.m */; };
		44E23B6B226F05B700E722C9 /* Main.storyboard in Resources */ = {isa = PBXBuildFile; fileRef = 44E23B69226F05B700E722C9 /* Main.storyboard */; };
		44E23B6D226F05B800E722C9 /* Assets.xcassets in Resources */ = {isa = PBXBuildFile; fileRef = 44E23B6C226F05B800E722C9 /* Assets.xcassets */; };
		44E23B70226F05B800E722C9 /* LaunchScreen.storyboard in Resources */ = {isa = PBXBuildFile; fileRef = 44E23B6E226F05B800E722C9 /* LaunchScreen.storyboard */; };
		44E23B73226F05B800E722C9 /* main.m in Sources */ = {isa = PBXBuildFile; fileRef = 44E23B72226F05B800E722C9 /* main.m */; };
		44E23B7B226F066C00E722C9 /* MapKit.framework in Frameworks */ = {isa = PBXBuildFile; fileRef = 44E23B7A226F066C00E722C9 /* MapKit.framework */; };
		44E23B7E226F0E9B00E722C9 /* MapAnnotation.m in Sources */ = {isa = PBXBuildFile; fileRef = 44E23B7D226F0E9B00E722C9 /* MapAnnotation.m */; };
/* End PBXBuildFile section */

/* Begin PBXFileReference section */
		44E23B60226F05B700E722C9 /* mapDemo.app */ = {isa = PBXFileReference; explicitFileType = wrapper.application; includeInIndex = 0; path = mapDemo.app; sourceTree = BUILT_PRODUCTS_DIR; };
		44E23B63226F05B700E722C9 /* AppDelegate.h */ = {isa = PBXFileReference; lastKnownFileType = sourcecode.c.h; path = AppDelegate.h; sourceTree = "<group>"; };
		44E23B64226F05B700E722C9 /* AppDelegate.m */ = {isa = PBXFileReference; lastKnownFileType = sourcecode.c.objc; path = AppDelegate.m; sourceTree = "<group>"; };
		44E23B66226F05B700E722C9 /* ViewController.h */ = {isa = PBXFileReference; lastKnownFileType = sourcecode.c.h; path = ViewController.h; sourceTree = "<group>"; };
		44E23B67226F05B700E722C9 /* ViewController.m */ = {isa = PBXFileReference; lastKnownFileType = sourcecode.c.objc; path = ViewController.m; sourceTree = "<group>"; };
		44E23B6A226F05B700E722C9 /* Base */ = {isa = PBXFileReference; lastKnownFileType = file.storyboard; name = Base; path = Base.lproj/Main.storyboard; sourceTree = "<group>"; };
		44E23B6C226F05B800E722C9 /* Assets.xcassets */ = {isa = PBXFileReference; lastKnownFileType = folder.assetcatalog; path = Assets.xcassets; sourceTree = "<group>"; };
		44E23B6F226F05B800E722C9 /* Base */ = {isa = PBXFileReference; lastKnownFileType = file.storyboard; name = Base; path = Base.lproj/LaunchScreen.storyboard; sourceTree = "<group>"; };
		44E23B71226F05B800E722C9 /* Info.plist */ = {isa = PBXFileReference; lastKnownFileType = text.plist.xml; path = Info.plist; sourceTree = "<group>"; };
		44E23B72226F05B800E722C9 /* main.m */ = {isa = PBXFileReference; lastKnownFileType = sourcecode.c.objc; path = main.m; sourceTree = "<group>"; };
		44E23B7A226F066C00E722C9 /* MapKit.framework */ = {isa = PBXFileReference; lastKnownFileType = wrapper.framework; name = MapKit.framework; path = System/Library/Frameworks/MapKit.framework; sourceTree = SDKROOT; };
		44E23B7C226F0E9B00E722C9 /* MapAnnotation.h */ = {isa = PBXFileReference; lastKnownFileType = sourcecode.c.h; path = MapAnnotation.h; sourceTree = "<group>"; };
		44E23B7D226F0E9B00E722C9 /* MapAnnotation.m */ = {isa = PBXFileReference; lastKnownFileType = sourcecode.c.objc; path = MapAnnotation.m; sourceTree = "<group>"; };
/* End PBXFileReference section */

/* Begin PBXFrameworksBuildPhase section */
		44E23B5D226F05B700E722C9 /* Frameworks */ = {
			isa = PBXFrameworksBuildPhase;
			buildActionMask = 2147483647;
			files = (
				44E23B7B226F066C00E722C9 /* MapKit.framework in Frameworks */,
			);
			runOnlyForDeploymentPostprocessing = 0;
		};
/* End PBXFrameworksBuildPhase section */

/* Begin PBXGroup section */
		44E23B57226F05B700E722C9 = {
			isa = PBXGroup;
			children = (
				44E23B62226F05B700E722C9 /* mapDemo */,
				44E23B61226F05B700E722C9 /* Products */,
				44E23B79226F066C00E722C9 /* Frameworks */,
			);
			sourceTree = "<group>";
		};
		44E23B61226F05B700E722C9 /* Products */ = {
			isa = PBXGroup;
			children = (
				44E23B60226F05B700E722C9 /* mapDemo.app */,
			);
			name = Products;
			sourceTree = "<group>";
		};
		44E23B62226F05B700E722C9 /* mapDemo */ = {
			isa = PBXGroup;
			children = (
				44E23B63226F05B700E722C9 /* AppDelegate.h */,
				44E23B64226F05B700E722C9 /* AppDelegate.m */,
				44E23B66226F05B700E722C9 /* ViewController.h */,
				44E23B67226F05B700E722C9 /* ViewController.m */,
				44E23B69226F05B700E722C9 /* Main.storyboard */,
				44E23B6C226F05B800E722C9 /* Assets.xcassets */,
				44E23B6E226F05B800E722C9 /* LaunchScreen.storyboard */,
				44E23B71226F05B800E722C9 /* Info.plist */,
				44E23B72226F05B800E722C9 /* main.m */,
				44E23B7C226F0E9B00E722C9 /* MapAnnotation.h */,
				44E23B7D226F0E9B00E722C9 /* MapAnnotation.m */,
			);
			path = mapDemo;
			sourceTree = "<group>";
		};
		44E23B79226F066C00E722C9 /* Frameworks */ = {
			isa = PBXGroup;
			children = (
				44E23B7A226F066C00E722C9 /* MapKit.framework */,
			);
			name = Frameworks;
			sourceTree = "<group>";
		};
/* End PBXGroup section */

/* Begin PBXNativeTarget section */
		44E23B5F226F05B700E722C9 /* mapDemo */ = {
			isa = PBXNativeTarget;
			buildConfigurationList = 44E23B76226F05B800E722C9 /* Build configuration list for PBXNativeTarget "mapDemo" */;
			buildPhases = (
				44E23B5C226F05B700E722C9 /* Sources */,
				44E23B5D226F05B700E722C9 /* Frameworks */,
				44E23B5E226F05B700E722C9 /* Resources */,
			);
			buildRules = (
			);
			dependencies = (
			);
			name = mapDemo;
			productName = mapDemo;
			productReference = 44E23B60226F05B700E722C9 /* mapDemo.app */;
			productType = "com.apple.product-type.application";
		};
/* End PBXNativeTarget section */

/* Begin PBXProject section */
		44E23B58226F05B700E722C9 /* Project object */ = {
			isa = PBXProject;
			attributes = {
				LastUpgradeCheck = 1010;
				ORGANIZATIONNAME = Jets;
				TargetAttributes = {
					44E23B5F226F05B700E722C9 = {
						CreatedOnToolsVersion = 10.1;
					};
				};
			};
			buildConfigurationList = 44E23B5B226F05B700E722C9 /* Build configuration list for PBXProject "mapDemo" */;
			compatibilityVersion = "Xcode 9.3";
			developmentRegion = en;
			hasScannedForEncodings = 0;
			knownRegions = (
				en,
				Base,
			);
			mainGroup = 44E23B57226F05B700E722C9;
			productRefGroup = 44E23B61226F05B700E722C9 /* Products */;
			projectDirPath = "";
			projectRoot = "";
			targets = (
				44E23B5F226F05B700E722C9 /* mapDemo */,
			);
		};
/* End PBXProject section */

/* Begin PBXResourcesBuildPhase section */
		44E23B5E226F05B700E722C9 /* Resources */ = {
			isa = PBXResourcesBuildPhase;
			buildActionMask = 2147483647;
			files = (
				44E23B70226F05B800E722C9 /* LaunchScreen.storyboard in Resources */,
				44E23B6D226F05B800E722C9 /* Assets.xcassets in Resources */,
				44E23B6B226F05B700E722C9 /* Main.storyboard in Resources */,
			);
			runOnlyForDeploymentPostprocessing = 0;
		};
/* End PBXResourcesBuildPhase section */

/* Begin PBXSourcesBuildPhase section */
		44E23B5C226F05B700E722C9 /* Sources */ = {
			isa = PBXSourcesBuildPhase;
			buildActionMask = 2147483647;
			files = (
				44E23B68226F05B700E722C9 /* ViewController.m in Sources */,
				44E23B73226F05B800E722C9 /* main.m in Sources */,
				44E23B65226F05B700E722C9 /* AppDelegate.m in Sources */,
				44E23B7E226F0E9B00E722C9 /* MapAnnotation.m in Sources */,
			);
			runOnlyForDeploymentPostprocessing = 0;
		};
/* End PBXSourcesBuildPhase section */

/* Begin PBXVariantGroup section */
		44E23B69226F05B700E722C9 /* Main.storyboard */ = {
			isa = PBXVariantGroup;
			children = (
				44E23B6A226F05B700E722C9 /* Base */,
			);
			name = Main.storyboard;
			sourceTree = "<group>";
		};
		44E23B6E226F05B800E722C9 /* LaunchScreen.storyboard */ = {
			isa = PBXVariantGroup;
			children = (
				44E23B6F226F05B800E722C9 /* Base */,
			);
			name = LaunchScreen.storyboard;
			sourceTree = "<group>";
		};
/* End PBXVariantGroup section */

/* Begin XCBuildConfiguration section */
		44E23B74226F05B800E722C9 /* Debug */ = {
			isa = XCBuildConfiguration;
			buildSettings = {
				ALWAYS_SEARCH_USER_PATHS = NO;
				CLANG_ANALYZER_NONNULL = YES;
				CLANG_ANALYZER_NUMBER_OBJECT_CONVERSION = YES_AGGRESSIVE;
				CLANG_CXX_LANGUAGE_STANDARD = "gnu++14";
				CLANG_CXX_LIBRARY = "libc++";
				CLANG_ENABLE_MODULES = YES;
				CLANG_ENABLE_OBJC_ARC = YES;
				CLANG_ENABLE_OBJC_WEAK = YES;
				CLANG_WARN_BLOCK_CAPTURE_AUTORELEASING = YES;
				CLANG_WARN_BOOL_CONVERSION = YES;
				CLANG_WARN_COMMA = YES;
				CLANG_WARN_CONSTANT_CONVERSION = YES;
				CLANG_WARN_DEPRECATED_OBJC_IMPLEMENTATIONS = YES;
				CLANG_WARN_DIRECT_OBJC_ISA_USAGE = YES_ERROR;
				CLANG_WARN_DOCUMENTATION_COMMENTS = YES;
				CLANG_WARN_EMPTY_BODY = YES;
				CLANG_WARN_ENUM_CONVERSION = YES;
				CLANG_WARN_INFINITE_RECURSION = YES;
				CLANG_WARN_INT_CONVERSION = YES;
				CLANG_WARN_NON_LITERAL_NULL_CONVERSION = YES;
				CLANG_WARN_OBJC_IMPLICIT_RETAIN_SELF = YES;
				CLANG_WARN_OBJC_LITERAL_CONVERSION = YES;
				CLANG_WARN_OBJC_ROOT_CLASS = YES_ERROR;
				CLANG_WARN_RANGE_LOOP_ANALYSIS = YES;
				CLANG_WARN_STRICT_PROTOTYPES = YES;
				CLANG_WARN_SUSPICIOUS_MOVE = YES;
				CLANG_WARN_UNGUARDED_AVAILABILITY = YES_AGGRESSIVE;
				CLANG_WARN_UNREACHABLE_CODE = YES;
				CLANG_WARN__DUPLICATE_METHOD_MATCH = YES;
				CODE_SIGN_IDENTITY = "iPhone Developer";
				COPY_PHASE_STRIP = NO;
				DEBUG_INFORMATION_FORMAT = dwarf;
				ENABLE_STRICT_OBJC_MSGSEND = YES;
				ENABLE_TESTABILITY = YES;
				GCC_C_LANGUAGE_STANDARD = gnu11;
				GCC_DYNAMIC_NO_PIC = NO;
				GCC_NO_COMMON_BLOCKS = YES;
				GCC_OPTIMIZATION_LEVEL = 0;
				GCC_PREPROCESSOR_DEFINITIONS = (
					"DEBUG=1",
					"$(inherited)",
				);
				GCC_WARN_64_TO_32_BIT_CONVERSION = YES;
				GCC_WARN_ABOUT_RETURN_TYPE = YES_ERROR;
				GCC_WARN_UNDECLARED_SELECTOR = YES;
				GCC_WARN_UNINITIALIZED_AUTOS = YES_AGGRESSIVE;
				GCC_WARN_UNUSED_FUNCTION = YES;
				GCC_WARN_UNUSED_VARIABLE = YES;
				IPHONEOS_DEPLOYMENT_TARGET = 12.1;
				MTL_ENABLE_DEBUG_INFO = INCLUDE_SOURCE;
				MTL_FAST_MATH = YES;
				ONLY_ACTIVE_ARCH = YES;
				SDKROOT = iphoneos;
			};
			name = Debug;
		};
		44E23B75226F05B800E722C9 /* Release */ = {
			isa = XCBuildConfiguration;
			buildSettings = {
				ALWAYS_SEARCH_USER_PATHS = NO;
				CLANG_ANALYZER_NONNULL = YES;
				CLANG_ANALYZER_NUMBER_OBJECT_CONVERSION = YES_AGGRESSIVE;
				CLANG_CXX_LANGUAGE_STANDARD = "gnu++14";
				CLANG_CXX_LIBRARY = "libc++";
				CLANG_ENABLE_MODULES = YES;
				CLANG_ENABLE_OBJC_ARC = YES;
				CLANG_ENABLE_OBJC_WEAK = YES;
				CLANG_WARN_BLOCK_CAPTURE_AUTORELEASING = YES;
				CLANG_WARN_BOOL_CONVERSION = YES;
				CLANG_WARN_COMMA = YES;
				CLANG_WARN_CONSTANT_CONVERSION = YES;
				CLANG_WARN_DEPRECATED_OBJC_IMPLEMENTATIONS = YES;
				CLANG_WARN_DIRECT_OBJC_ISA_USAGE = YES_ERROR;
				CLANG_WARN_DOCUMENTATION_COMMENTS = YES;
				CLANG_WARN_EMPTY_BODY = YES;
				CLANG_WARN_ENUM_CONVERSION = YES;
				CLANG_WARN_INFINITE_RECURSION = YES;
				CLANG_WARN_INT_CONVERSION = YES;
				CLANG_WARN_NON_LITERAL_NULL_CONVERSION = YES;
				CLANG_WARN_OBJC_IMPLICIT_RETAIN_SELF = YES;
				CLANG_WARN_OBJC_LITERAL_CONVERSION = YES;
				CLANG_WARN_OBJC_ROOT_CLASS = YES_ERROR;
				CLANG_WARN_RANGE_LOOP_ANALYSIS = YES;
				CLANG_WARN_STRICT_PROTOTYPES = YES;
				CLANG_WARN_SUSPICIOUS_MOVE = YES;
				CLANG_WARN_UNGUARDED_AVAILABILITY = YES_AGGRESSIVE;
				CLANG_WARN_UNREACHABLE_CODE = YES;
				CLANG_WARN__DUPLICATE_METHOD_MATCH = YES;
				CODE_SIGN_IDENTITY = "iPhone Developer";
				COPY_PHASE_STRIP = NO;
				DEBUG_INFORMATION_FORMAT = "dwarf-with-dsym";
				ENABLE_NS_ASSERTIONS = NO;
				ENABLE_STRICT_OBJC_MSGSEND = YES;
				GCC_C_LANGUAGE_STANDARD = gnu11;
				GCC_NO_COMMON_BLOCKS = YES;
				GCC_WARN_64_TO_32_BIT_CONVERSION = YES;
				GCC_WARN_ABOUT_RETURN_TYPE = YES_ERROR;
				GCC_WARN_UNDECLARED_SELECTOR = YES;
				GCC_WARN_UNINITIALIZED_AUTOS = YES_AGGRESSIVE;
				GCC_WARN_UNUSED_FUNCTION = YES;
				GCC_WARN_UNUSED_VARIABLE = YES;
				IPHONEOS_DEPLOYMENT_TARGET = 12.1;
				MTL_ENABLE_DEBUG_INFO = NO;
				MTL_FAST_MATH = YES;
				SDKROOT = iphoneos;
				VALIDATE_PRODUCT = YES;
			};
			name = Release;
		};
		44E23B77226F05B800E722C9 /* Debug */ = {
			isa = XCBuildConfiguration;
			buildSettings = {
				ASSETCATALOG_COMPILER_APPICON_NAME = AppIcon;
				CODE_SIGN_STYLE = Automatic;
				INFOPLIST_FILE = mapDemo/Info.plist;
				LD_RUNPATH_SEARCH_PATHS = (
					"$(inherited)",
					"@executable_path/Frameworks",
				);
				PRODUCT_BUNDLE_IDENTIFIER = Mobileintake36.mapDemo;
				PRODUCT_NAME = "$(TARGET_NAME)";
				TARGETED_DEVICE_FAMILY = "1,2";
			};
			name = Debug;
		};
		44E23B78226F05B800E722C9 /* Release */ = {
			isa = XCBuildConfiguration;
			buildSettings = {
				ASSETCATALOG_COMPILER_APPICON_NAME = AppIcon;
				CODE_SIGN_STYLE = Automatic;
				INFOPLIST_FILE = mapDemo/Info.plist;
				LD_RUNPATH_SEARCH_PATHS = (
					"$(inherited)",
					"@executable_path/Frameworks",
				);
				PRODUCT_BUNDLE_IDENTIFIER = Mobileintake36.mapDemo;
				PRODUCT_NAME = "$(TARGET_NAME)";
				TARGETED_DEVICE_FAMILY = "1,2";
			};
			name = Release;
		};
/* End XCBuildConfiguration section */

/* Begin XCConfigurationList section */
		44E23B5B226F05B700E722C9 /* Build configuration list for PBXProject "mapDemo" */ = {
			isa = XCConfigurationList;
			buildConfigurations = (
				44E23B74226F05B800E722C9 /* Debug */,
				44E23B75226F05B800E722C9 /* Release */,
			);
			defaultConfigurationIsVisible = 0;
			defaultConfigurationName = Release;
		};
		44E23B76226F05B800E722C9 /* Build configuration list for PBXNativeTarget "mapDemo" */ = {
			isa = XCConfigurationList;
			buildConfigurations = (
				44E23B77226F05B800E722C9 /* Debug */,
				44E23B78226F05B800E722C9 /* Release */,
			);
			defaultConfigurationIsVisible = 0;
			defaultConfigurationName = Release;
		};
/* End XCConfigurationList section */
	};
	rootObject = 44E23B58226F05B700E722C9 /* Project object */;
}
